{
  "version": "2",
  "remote": {
    "https://deno.land/std@0.192.0/collections/filter_values.ts": "5b9feaf17b9a6e5ffccdd36cf6f38fa4ffa94cff2602d381c2ad0c2a97929652",
    "https://deno.land/std@0.192.0/collections/without_all.ts": "a89f5da0b5830defed4f59666e188df411d8fece35a5f6ca69be6ca71a95c185",
    "https://deno.land/std@0.192.0/dotenv/mod.ts": "f5a8123741d1561ae8184a7f043bc097b15132c5171c651142b804b6dbc21853",
    "https://deno.land/x/p_limit@v1.0.0/mod.ts": "0348ca21c2cce293f6e8b42a96bb235a07550eba8e52c6713365ec247a0b2d8c",
    "https://deno.land/x/yocto_queue@v0.1.3/mod.ts": "f63406731f43af2038c2a9158446d020d7a6f203ba5e1d9a6c18b1247ee0fb63"
  }
}
